{
  "pins" : [
    {
      "identity" : "hotkey",
      "kind" : "remoteSourceControl",
      "location" : "https://github.com/soffes/HotKey",
      "state" : {
        "branch" : "main",
        "revision" : "4d02d80de143d69b7eeb5962729591a157a57ede"
      }
    },
    {
      "identity" : "splitview",
      "kind" : "remoteSourceControl",
      "location" : "https://github.com/stevengharris/SplitView.git",
      "state" : {
        "revision" : "78bae64b65d717caf74475f043d8013616e97c9c",
        "version" : "3.5.1"
      }
    }
  ],
  "version" : 2
}
