// !$*UTF8*$!
{
	archiveVersion = 1;
	classes = {
	};
	objectVersion = 56;
	objects = {

/* Begin PBXBuildFile section */
		BF889D622B801942003D27CE /* CalcyApp.swift in Sources */ = {isa = PBXBuildFile; fileRef = BF889D612B801942003D27CE /* CalcyApp.swift */; };
		BF889D642B801942003D27CE /* ContentView.swift in Sources */ = {isa = PBXBuildFile; fileRef = BF889D632B801942003D27CE /* ContentView.swift */; };
		BF889D662B801944003D27CE /* Assets.xcassets in Resources */ = {isa = PBXBuildFile; fileRef = BF889D652B801944003D27CE /* Assets.xcassets */; };
		BF889D692B801944003D27CE /* Preview Assets.xcassets in Resources */ = {isa = PBXBuildFile; fileRef = BF889D682B801944003D27CE /* Preview Assets.xcassets */; };
		BF889D722B80198F003D27CE /* HotKey in Frameworks */ = {isa = PBXBuildFile; productRef = BF889D712B80198F003D27CE /* HotKey */; };
		BF889D752B801A25003D27CE /* CalculatorMainView.swift in Sources */ = {isa = PBXBuildFile; fileRef = BF889D742B801A25003D27CE /* CalculatorMainView.swift */; };
		BF889D782B802727003D27CE /* SplitView in Frameworks */ = {isa = PBXBuildFile; productRef = BF889D772B802727003D27CE /* SplitView */; };
		BF889D7A2B8028EA003D27CE /* CalculatorView.swift in Sources */ = {isa = PBXBuildFile; fileRef = BF889D792B8028EA003D27CE /* CalculatorView.swift */; };
		BF889D7C2B803971003D27CE /* HistoryView.swift in Sources */ = {isa = PBXBuildFile; fileRef = BF889D7B2B803971003D27CE /* HistoryView.swift */; };
		BF889D812B8595A4003D27CE /* PersistanceController.swift in Sources */ = {isa = PBXBuildFile; fileRef = BF889D802B8595A4003D27CE /* PersistanceController.swift */; };
		BF889D842B8595DB003D27CE /* Calculation.xcdatamodeld in Sources */ = {isa = PBXBuildFile; fileRef = BF889D822B8595DB003D27CE /* Calculation.xcdatamodeld */; };
		BF889D872B85975F003D27CE /* DataManager.swift in Sources */ = {isa = PBXBuildFile; fileRef = BF889D862B85975F003D27CE /* DataManager.swift */; };
/* End PBXBuildFile section */

/* Begin PBXFileReference section */
		BF889D5E2B801942003D27CE /* Calcy.app */ = {isa = PBXFileReference; explicitFileType = wrapper.application; includeInIndex = 0; path = Calcy.app; sourceTree = BUILT_PRODUCTS_DIR; };
		BF889D612B801942003D27CE /* CalcyApp.swift */ = {isa = PBXFileReference; lastKnownFileType = sourcecode.swift; path = CalcyApp.swift; sourceTree = "<group>"; };
		BF889D632B801942003D27CE /* ContentView.swift */ = {isa = PBXFileReference; lastKnownFileType = sourcecode.swift; path = ContentView.swift; sourceTree = "<group>"; };
		BF889D652B801944003D27CE /* Assets.xcassets */ = {isa = PBXFileReference; lastKnownFileType = folder.assetcatalog; path = Assets.xcassets; sourceTree = "<group>"; };
		BF889D682B801944003D27CE /* Preview Assets.xcassets */ = {isa = PBXFileReference; lastKnownFileType = folder.assetcatalog; path = "Preview Assets.xcassets"; sourceTree = "<group>"; };
		BF889D6A2B801944003D27CE /* Calcy.entitlements */ = {isa = PBXFileReference; lastKnownFileType = text.plist.entitlements; path = Calcy.entitlements; sourceTree = "<group>"; };
		BF889D742B801A25003D27CE /* CalculatorMainView.swift */ = {isa = PBXFileReference; lastKnownFileType = sourcecode.swift; path = CalculatorMainView.swift; sourceTree = "<group>"; };
		BF889D792B8028EA003D27CE /* CalculatorView.swift */ = {isa = PBXFileReference; lastKnownFileType = sourcecode.swift; path = CalculatorView.swift; sourceTree = "<group>"; };
		BF889D7B2B803971003D27CE /* HistoryView.swift */ = {isa = PBXFileReference; lastKnownFileType = sourcecode.swift; path = HistoryView.swift; sourceTree = "<group>"; };
		BF889D802B8595A4003D27CE /* PersistanceController.swift */ = {isa = PBXFileReference; lastKnownFileType = sourcecode.swift; path = PersistanceController.swift; sourceTree = "<group>"; };
		BF889D832B8595DB003D27CE /* Calculation.xcdatamodel */ = {isa = PBXFileReference; lastKnownFileType = wrapper.xcdatamodel; path = Calculation.xcdatamodel; sourceTree = "<group>"; };
		BF889D862B85975F003D27CE /* DataManager.swift */ = {isa = PBXFileReference; lastKnownFileType = sourcecode.swift; path = DataManager.swift; sourceTree = "<group>"; };
/* End PBXFileReference section */

/* Begin PBXFrameworksBuildPhase section */
		BF889D5B2B801942003D27CE /* Frameworks */ = {
			isa = PBXFrameworksBuildPhase;
			buildActionMask = 2147483647;
			files = (
				BF889D782B802727003D27CE /* SplitView in Frameworks */,
				BF889D722B80198F003D27CE /* HotKey in Frameworks */,
			);
			runOnlyForDeploymentPostprocessing = 0;
		};
/* End PBXFrameworksBuildPhase section */

/* Begin PBXGroup section */
		BF889D552B801942003D27CE = {
			isa = PBXGroup;
			children = (
				BF889D602B801942003D27CE /* Calcy */,
				BF889D5F2B801942003D27CE /* Products */,
			);
			sourceTree = "<group>";
		};
		BF889D5F2B801942003D27CE /* Products */ = {
			isa = PBXGroup;
			children = (
				BF889D5E2B801942003D27CE /* Calcy.app */,
			);
			name = Products;
			sourceTree = "<group>";
		};
		BF889D602B801942003D27CE /* Calcy */ = {
			isa = PBXGroup;
			children = (
				BF889D852B859758003D27CE /* Helpers */,
				BF889D7D2B8425E7003D27CE /* Models */,
				BF889D732B801A0F003D27CE /* Views */,
				BF889D612B801942003D27CE /* CalcyApp.swift */,
				BF889D632B801942003D27CE /* ContentView.swift */,
				BF889D652B801944003D27CE /* Assets.xcassets */,
				BF889D6A2B801944003D27CE /* Calcy.entitlements */,
				BF889D672B801944003D27CE /* Preview Content */,
			);
			path = Calcy;
			sourceTree = "<group>";
		};
		BF889D672B801944003D27CE /* Preview Content */ = {
			isa = PBXGroup;
			children = (
				BF889D682B801944003D27CE /* Preview Assets.xcassets */,
			);
			path = "Preview Content";
			sourceTree = "<group>";
		};
		BF889D732B801A0F003D27CE /* Views */ = {
			isa = PBXGroup;
			children = (
				BF889D742B801A25003D27CE /* CalculatorMainView.swift */,
				BF889D792B8028EA003D27CE /* CalculatorView.swift */,
				BF889D7B2B803971003D27CE /* HistoryView.swift */,
			);
			path = Views;
			sourceTree = "<group>";
		};
		BF889D7D2B8425E7003D27CE /* Models */ = {
			isa = PBXGroup;
			children = (
				BF889D802B8595A4003D27CE /* PersistanceController.swift */,
				BF889D822B8595DB003D27CE /* Calculation.xcdatamodeld */,
			);
			path = Models;
			sourceTree = "<group>";
		};
		BF889D852B859758003D27CE /* Helpers */ = {
			isa = PBXGroup;
			children = (
				BF889D862B85975F003D27CE /* DataManager.swift */,
			);
			path = Helpers;
			sourceTree = "<group>";
		};
/* End PBXGroup section */

/* Begin PBXNativeTarget section */
		BF889D5D2B801942003D27CE /* Calcy */ = {
			isa = PBXNativeTarget;
			buildConfigurationList = BF889D6D2B801944003D27CE /* Build configuration list for PBXNativeTarget "Calcy" */;
			buildPhases = (
				BF889D5A2B801942003D27CE /* Sources */,
				BF889D5B2B801942003D27CE /* Frameworks */,
				BF889D5C2B801942003D27CE /* Resources */,
			);
			buildRules = (
			);
			dependencies = (
			);
			name = Calcy;
			packageProductDependencies = (
				BF889D712B80198F003D27CE /* HotKey */,
				BF889D772B802727003D27CE /* SplitView */,
			);
			productName = Calcy;
			productReference = BF889D5E2B801942003D27CE /* Calcy.app */;
			productType = "com.apple.product-type.application";
		};
/* End PBXNativeTarget section */

/* Begin PBXProject section */
		BF889D562B801942003D27CE /* Project object */ = {
			isa = PBXProject;
			attributes = {
				BuildIndependentTargetsInParallel = 1;
				LastSwiftUpdateCheck = 1520;
				LastUpgradeCheck = 1520;
				TargetAttributes = {
					BF889D5D2B801942003D27CE = {
						CreatedOnToolsVersion = 15.2;
					};
				};
			};
			buildConfigurationList = BF889D592B801942003D27CE /* Build configuration list for PBXProject "Calcy" */;
			compatibilityVersion = "Xcode 14.0";
			developmentRegion = en;
			hasScannedForEncodings = 0;
			knownRegions = (
				en,
				Base,
			);
			mainGroup = BF889D552B801942003D27CE;
			packageReferences = (
				BF889D702B80198F003D27CE /* XCRemoteSwiftPackageReference "HotKey" */,
				BF889D762B802727003D27CE /* XCRemoteSwiftPackageReference "SplitView" */,
			);
			productRefGroup = BF889D5F2B801942003D27CE /* Products */;
			projectDirPath = "";
			projectRoot = "";
			targets = (
				BF889D5D2B801942003D27CE /* Calcy */,
			);
		};
/* End PBXProject section */

/* Begin PBXResourcesBuildPhase section */
		BF889D5C2B801942003D27CE /* Resources */ = {
			isa = PBXResourcesBuildPhase;
			buildActionMask = 2147483647;
			files = (
				BF889D692B801944003D27CE /* Preview Assets.xcassets in Resources */,
				BF889D662B801944003D27CE /* Assets.xcassets in Resources */,
			);
			runOnlyForDeploymentPostprocessing = 0;
		};
/* End PBXResourcesBuildPhase section */

/* Begin PBXSourcesBuildPhase section */
		BF889D5A2B801942003D27CE /* Sources */ = {
			isa = PBXSourcesBuildPhase;
			buildActionMask = 2147483647;
			files = (
				BF889D7A2B8028EA003D27CE /* CalculatorView.swift in Sources */,
				BF889D872B85975F003D27CE /* DataManager.swift in Sources */,
				BF889D642B801942003D27CE /* ContentView.swift in Sources */,
				BF889D7C2B803971003D27CE /* HistoryView.swift in Sources */,
				BF889D752B801A25003D27CE /* CalculatorMainView.swift in Sources */,
				BF889D622B801942003D27CE /* CalcyApp.swift in Sources */,
				BF889D812B8595A4003D27CE /* PersistanceController.swift in Sources */,
				BF889D842B8595DB003D27CE /* Calculation.xcdatamodeld in Sources */,
			);
			runOnlyForDeploymentPostprocessing = 0;
		};
/* End PBXSourcesBuildPhase section */

/* Begin XCBuildConfiguration section */
		BF889D6B2B801944003D27CE /* Debug */ = {
			isa = XCBuildConfiguration;
			buildSettings = {
				ALWAYS_SEARCH_USER_PATHS = NO;
				ASSETCATALOG_COMPILER_GENERATE_SWIFT_ASSET_SYMBOL_EXTENSIONS = YES;
				CLANG_ANALYZER_NONNULL = YES;
				CLANG_ANALYZER_NUMBER_OBJECT_CONVERSION = YES_AGGRESSIVE;
				CLANG_CXX_LANGUAGE_STANDARD = "gnu++20";
				CLANG_ENABLE_MODULES = YES;
				CLANG_ENABLE_OBJC_ARC = YES;
				CLANG_ENABLE_OBJC_WEAK = YES;
				CLANG_WARN_BLOCK_CAPTURE_AUTORELEASING = YES;
				CLANG_WARN_BOOL_CONVERSION = YES;
				CLANG_WARN_COMMA = YES;
				CLANG_WARN_CONSTANT_CONVERSION = YES;
				CLANG_WARN_DEPRECATED_OBJC_IMPLEMENTATIONS = YES;
				CLANG_WARN_DIRECT_OBJC_ISA_USAGE = YES_ERROR;
				CLANG_WARN_DOCUMENTATION_COMMENTS = YES;
				CLANG_WARN_EMPTY_BODY = YES;
				CLANG_WARN_ENUM_CONVERSION = YES;
				CLANG_WARN_INFINITE_RECURSION = YES;
				CLANG_WARN_INT_CONVERSION = YES;
				CLANG_WARN_NON_LITERAL_NULL_CONVERSION = YES;
				CLANG_WARN_OBJC_IMPLICIT_RETAIN_SELF = YES;
				CLANG_WARN_OBJC_LITERAL_CONVERSION = YES;
				CLANG_WARN_OBJC_ROOT_CLASS = YES_ERROR;
				CLANG_WARN_QUOTED_INCLUDE_IN_FRAMEWORK_HEADER = YES;
				CLANG_WARN_RANGE_LOOP_ANALYSIS = YES;
				CLANG_WARN_STRICT_PROTOTYPES = YES;
				CLANG_WARN_SUSPICIOUS_MOVE = YES;
				CLANG_WARN_UNGUARDED_AVAILABILITY = YES_AGGRESSIVE;
				CLANG_WARN_UNREACHABLE_CODE = YES;
				CLANG_WARN__DUPLICATE_METHOD_MATCH = YES;
				COPY_PHASE_STRIP = NO;
				DEBUG_INFORMATION_FORMAT = dwarf;
				ENABLE_STRICT_OBJC_MSGSEND = YES;
				ENABLE_TESTABILITY = YES;
				ENABLE_USER_SCRIPT_SANDBOXING = YES;
				GCC_C_LANGUAGE_STANDARD = gnu17;
				GCC_DYNAMIC_NO_PIC = NO;
				GCC_NO_COMMON_BLOCKS = YES;
				GCC_OPTIMIZATION_LEVEL = 0;
				GCC_PREPROCESSOR_DEFINITIONS = (
					"DEBUG=1",
					"$(inherited)",
				);
				GCC_WARN_64_TO_32_BIT_CONVERSION = YES;
				GCC_WARN_ABOUT_RETURN_TYPE = YES_ERROR;
				GCC_WARN_UNDECLARED_SELECTOR = YES;
				GCC_WARN_UNINITIALIZED_AUTOS = YES_AGGRESSIVE;
				GCC_WARN_UNUSED_FUNCTION = YES;
				GCC_WARN_UNUSED_VARIABLE = YES;
				LOCALIZATION_PREFERS_STRING_CATALOGS = YES;
				MACOSX_DEPLOYMENT_TARGET = 14.0;
				MTL_ENABLE_DEBUG_INFO = INCLUDE_SOURCE;
				MTL_FAST_MATH = YES;
				ONLY_ACTIVE_ARCH = YES;
				SDKROOT = macosx;
				SWIFT_ACTIVE_COMPILATION_CONDITIONS = "DEBUG $(inherited)";
				SWIFT_OPTIMIZATION_LEVEL = "-Onone";
			};
			name = Debug;
		};
		BF889D6C2B801944003D27CE /* Release */ = {
			isa = XCBuildConfiguration;
			buildSettings = {
				ALWAYS_SEARCH_USER_PATHS = NO;
				ASSETCATALOG_COMPILER_GENERATE_SWIFT_ASSET_SYMBOL_EXTENSIONS = YES;
				CLANG_ANALYZER_NONNULL = YES;
				CLANG_ANALYZER_NUMBER_OBJECT_CONVERSION = YES_AGGRESSIVE;
				CLANG_CXX_LANGUAGE_STANDARD = "gnu++20";
				CLANG_ENABLE_MODULES = YES;
				CLANG_ENABLE_OBJC_ARC = YES;
				CLANG_ENABLE_OBJC_WEAK = YES;
				CLANG_WARN_BLOCK_CAPTURE_AUTORELEASING = YES;
				CLANG_WARN_BOOL_CONVERSION = YES;
				CLANG_WARN_COMMA = YES;
				CLANG_WARN_CONSTANT_CONVERSION = YES;
				CLANG_WARN_DEPRECATED_OBJC_IMPLEMENTATIONS = YES;
				CLANG_WARN_DIRECT_OBJC_ISA_USAGE = YES_ERROR;
				CLANG_WARN_DOCUMENTATION_COMMENTS = YES;
				CLANG_WARN_EMPTY_BODY = YES;
				CLANG_WARN_ENUM_CONVERSION = YES;
				CLANG_WARN_INFINITE_RECURSION = YES;
				CLANG_WARN_INT_CONVERSION = YES;
				CLANG_WARN_NON_LITERAL_NULL_CONVERSION = YES;
				CLANG_WARN_OBJC_IMPLICIT_RETAIN_SELF = YES;
				CLANG_WARN_OBJC_LITERAL_CONVERSION = YES;
				CLANG_WARN_OBJC_ROOT_CLASS = YES_ERROR;
				CLANG_WARN_QUOTED_INCLUDE_IN_FRAMEWORK_HEADER = YES;
				CLANG_WARN_RANGE_LOOP_ANALYSIS = YES;
				CLANG_WARN_STRICT_PROTOTYPES = YES;
				CLANG_WARN_SUSPICIOUS_MOVE = YES;
				CLANG_WARN_UNGUARDED_AVAILABILITY = YES_AGGRESSIVE;
				CLANG_WARN_UNREACHABLE_CODE = YES;
				CLANG_WARN__DUPLICATE_METHOD_MATCH = YES;
				COPY_PHASE_STRIP = NO;
				DEBUG_INFORMATION_FORMAT = "dwarf-with-dsym";
				ENABLE_NS_ASSERTIONS = NO;
				ENABLE_STRICT_OBJC_MSGSEND = YES;
				ENABLE_USER_SCRIPT_SANDBOXING = YES;
				GCC_C_LANGUAGE_STANDARD = gnu17;
				GCC_NO_COMMON_BLOCKS = YES;
				GCC_WARN_64_TO_32_BIT_CONVERSION = YES;
				GCC_WARN_ABOUT_RETURN_TYPE = YES_ERROR;
				GCC_WARN_UNDECLARED_SELECTOR = YES;
				GCC_WARN_UNINITIALIZED_AUTOS = YES_AGGRESSIVE;
				GCC_WARN_UNUSED_FUNCTION = YES;
				GCC_WARN_UNUSED_VARIABLE = YES;
				LOCALIZATION_PREFERS_STRING_CATALOGS = YES;
				MACOSX_DEPLOYMENT_TARGET = 14.0;
				MTL_ENABLE_DEBUG_INFO = NO;
				MTL_FAST_MATH = YES;
				SDKROOT = macosx;
				SWIFT_COMPILATION_MODE = wholemodule;
			};
			name = Release;
		};
		BF889D6E2B801944003D27CE /* Debug */ = {
			isa = XCBuildConfiguration;
			buildSettings = {
				ASSETCATALOG_COMPILER_APPICON_NAME = AppIcon;
				ASSETCATALOG_COMPILER_GLOBAL_ACCENT_COLOR_NAME = AccentColor;
				CODE_SIGN_ENTITLEMENTS = Calcy/Calcy.entitlements;
				CODE_SIGN_STYLE = Automatic;
				COMBINE_HIDPI_IMAGES = YES;
				CURRENT_PROJECT_VERSION = 1;
				DEVELOPMENT_ASSET_PATHS = "\"Calcy/Preview Content\"";
				DEVELOPMENT_TEAM = XDD3MJCN39;
				ENABLE_HARDENED_RUNTIME = YES;
				ENABLE_PREVIEWS = YES;
				GENERATE_INFOPLIST_FILE = YES;
				INFOPLIST_KEY_LSUIElement = YES;
				INFOPLIST_KEY_NSHumanReadableCopyright = "";
				LD_RUNPATH_SEARCH_PATHS = (
					"$(inherited)",
					"@executable_path/../Frameworks",
				);
				MACOSX_DEPLOYMENT_TARGET = 12.0;
				MARKETING_VERSION = 0.1;
				PRODUCT_BUNDLE_IDENTIFIER = com.louf.Calcy;
				PRODUCT_NAME = "$(TARGET_NAME)";
				SWIFT_EMIT_LOC_STRINGS = YES;
				SWIFT_VERSION = 5.0;
			};
			name = Debug;
		};
		BF889D6F2B801944003D27CE /* Release */ = {
			isa = XCBuildConfiguration;
			buildSettings = {
				ASSETCATALOG_COMPILER_APPICON_NAME = AppIcon;
				ASSETCATALOG_COMPILER_GLOBAL_ACCENT_COLOR_NAME = AccentColor;
				CODE_SIGN_ENTITLEMENTS = Calcy/Calcy.entitlements;
				CODE_SIGN_STYLE = Automatic;
				COMBINE_HIDPI_IMAGES = YES;
				CURRENT_PROJECT_VERSION = 1;
				DEVELOPMENT_ASSET_PATHS = "\"Calcy/Preview Content\"";
				DEVELOPMENT_TEAM = XDD3MJCN39;
				ENABLE_HARDENED_RUNTIME = YES;
				ENABLE_PREVIEWS = YES;
				GENERATE_INFOPLIST_FILE = YES;
				INFOPLIST_KEY_LSUIElement = YES;
				INFOPLIST_KEY_NSHumanReadableCopyright = "";
				LD_RUNPATH_SEARCH_PATHS = (
					"$(inherited)",
					"@executable_path/../Frameworks",
				);
				MACOSX_DEPLOYMENT_TARGET = 12.0;
				MARKETING_VERSION = 0.1;
				PRODUCT_BUNDLE_IDENTIFIER = com.louf.Calcy;
				PRODUCT_NAME = "$(TARGET_NAME)";
				SWIFT_EMIT_LOC_STRINGS = YES;
				SWIFT_VERSION = 5.0;
			};
			name = Release;
		};
/* End XCBuildConfiguration section */

/* Begin XCConfigurationList section */
		BF889D592B801942003D27CE /* Build configuration list for PBXProject "Calcy" */ = {
			isa = XCConfigurationList;
			buildConfigurations = (
				BF889D6B2B801944003D27CE /* Debug */,
				BF889D6C2B801944003D27CE /* Release */,
			);
			defaultConfigurationIsVisible = 0;
			defaultConfigurationName = Release;
		};
		BF889D6D2B801944003D27CE /* Build configuration list for PBXNativeTarget "Calcy" */ = {
			isa = XCConfigurationList;
			buildConfigurations = (
				BF889D6E2B801944003D27CE /* Debug */,
				BF889D6F2B801944003D27CE /* Release */,
			);
			defaultConfigurationIsVisible = 0;
			defaultConfigurationName = Release;
		};
/* End XCConfigurationList section */

/* Begin XCRemoteSwiftPackageReference section */
		BF889D702B80198F003D27CE /* XCRemoteSwiftPackageReference "HotKey" */ = {
			isa = XCRemoteSwiftPackageReference;
			repositoryURL = "https://github.com/soffes/HotKey";
			requirement = {
				branch = main;
				kind = branch;
			};
		};
		BF889D762B802727003D27CE /* XCRemoteSwiftPackageReference "SplitView" */ = {
			isa = XCRemoteSwiftPackageReference;
			repositoryURL = "https://github.com/stevengharris/SplitView.git";
			requirement = {
				kind = upToNextMajorVersion;
				minimumVersion = 3.5.1;
			};
		};
/* End XCRemoteSwiftPackageReference section */

/* Begin XCSwiftPackageProductDependency section */
		BF889D712B80198F003D27CE /* HotKey */ = {
			isa = XCSwiftPackageProductDependency;
			package = BF889D702B80198F003D27CE /* XCRemoteSwiftPackageReference "HotKey" */;
			productName = HotKey;
		};
		BF889D772B802727003D27CE /* SplitView */ = {
			isa = XCSwiftPackageProductDependency;
			package = BF889D762B802727003D27CE /* XCRemoteSwiftPackageReference "SplitView" */;
			productName = SplitView;
		};
/* End XCSwiftPackageProductDependency section */

/* Begin XCVersionGroup section */
		BF889D822B8595DB003D27CE /* Calculation.xcdatamodeld */ = {
			isa = XCVersionGroup;
			children = (
				BF889D832B8595DB003D27CE /* Calculation.xcdatamodel */,
			);
			currentVersion = BF889D832B8595DB003D27CE /* Calculation.xcdatamodel */;
			path = Calculation.xcdatamodeld;
			sourceTree = "<group>";
			versionGroupType = wrapper.xcdatamodel;
		};
/* End XCVersionGroup section */
	};
	rootObject = BF889D562B801942003D27CE /* Project object */;
}
